// !$*UTF8*$!
{
	archiveVersion = 1;
	classes = {
	};
	objectVersion = 56;
	objects = {

/* Begin PBXBuildFile section */
		9A1C3C25299F6EBF0067C05F /* AppDelegate.swift in Sources */ = {isa = PBXBuildFile; fileRef = 9A1C3C24299F6EBF0067C05F /* AppDelegate.swift */; };
		9A1C3C27299F6EBF0067C05F /* SceneDelegate.swift in Sources */ = {isa = PBXBuildFile; fileRef = 9A1C3C26299F6EBF0067C05F /* SceneDelegate.swift */; };
		9A1C3C29299F6EBF0067C05F /* ViewController.swift in Sources */ = {isa = PBXBuildFile; fileRef = 9A1C3C28299F6EBF0067C05F /* ViewController.swift */; };
		9A1C3C2C299F6EBF0067C05F /* Main.storyboard in Resources */ = {isa = PBXBuildFile; fileRef = 9A1C3C2A299F6EBF0067C05F /* Main.storyboard */; };
		9A1C3C2E299F6EC10067C05F /* Assets.xcassets in Resources */ = {isa = PBXBuildFile; fileRef = 9A1C3C2D299F6EC10067C05F /* Assets.xcassets */; };
		9A1C3C31299F6EC10067C05F /* LaunchScreen.storyboard in Resources */ = {isa = PBXBuildFile; fileRef = 9A1C3C2F299F6EC10067C05F /* LaunchScreen.storyboard */; };
		9A1C3C46299F6EC10067C05F /* AppStabilityUITests.swift in Sources */ = {isa = PBXBuildFile; fileRef = 9A1C3C45299F6EC10067C05F /* AppStabilityUITests.swift */; };
		9A1C3C5729A350BE0067C05F /* Utils.swift in Sources */ = {isa = PBXBuildFile; fileRef = 9A1C3C5629A350BE0067C05F /* Utils.swift */; };
		9A1C3C5B29A3606A0067C05F /* StabilityTestRunner.swift in Sources */ = {isa = PBXBuildFile; fileRef = 9A1C3C54299F714A0067C05F /* StabilityTestRunner.swift */; };
		9A31001A29C7F5EA00C0BB21 /* ZipArchive in Frameworks */ = {isa = PBXBuildFile; productRef = 9A31001929C7F5EA00C0BB21 /* ZipArchive */; };
/* End PBXBuildFile section */

/* Begin PBXContainerItemProxy section */
		9A1C3C42299F6EC10067C05F /* PBXContainerItemProxy */ = {
			isa = PBXContainerItemProxy;
			containerPortal = 9A1C3C19299F6EBF0067C05F /* Project object */;
			proxyType = 1;
			remoteGlobalIDString = 9A1C3C20299F6EBF0067C05F;
			remoteInfo = AppStability;
		};
/* End PBXContainerItemProxy section */

/* Begin PBXFileReference section */
		9A1C3C21299F6EBF0067C05F /* AppStability.app */ = {isa = PBXFileReference; explicitFileType = wrapper.application; includeInIndex = 0; path = AppStability.app; sourceTree = BUILT_PRODUCTS_DIR; };
		9A1C3C24299F6EBF0067C05F /* AppDelegate.swift */ = {isa = PBXFileReference; lastKnownFileType = sourcecode.swift; path = AppDelegate.swift; sourceTree = "<group>"; };
		9A1C3C26299F6EBF0067C05F /* SceneDelegate.swift */ = {isa = PBXFileReference; lastKnownFileType = sourcecode.swift; path = SceneDelegate.swift; sourceTree = "<group>"; };
		9A1C3C28299F6EBF0067C05F /* ViewController.swift */ = {isa = PBXFileReference; lastKnownFileType = sourcecode.swift; path = ViewController.swift; sourceTree = "<group>"; };
		9A1C3C2B299F6EBF0067C05F /* Base */ = {isa = PBXFileReference; lastKnownFileType = file.storyboard; name = Base; path = Base.lproj/Main.storyboard; sourceTree = "<group>"; };
		9A1C3C2D299F6EC10067C05F /* Assets.xcassets */ = {isa = PBXFileReference; lastKnownFileType = folder.assetcatalog; path = Assets.xcassets; sourceTree = "<group>"; };
		9A1C3C30299F6EC10067C05F /* Base */ = {isa = PBXFileReference; lastKnownFileType = file.storyboard; name = Base; path = Base.lproj/LaunchScreen.storyboard; sourceTree = "<group>"; };
		9A1C3C32299F6EC10067C05F /* Info.plist */ = {isa = PBXFileReference; lastKnownFileType = text.plist.xml; path = Info.plist; sourceTree = "<group>"; };
		9A1C3C41299F6EC10067C05F /* AppStabilityUITests.xctest */ = {isa = PBXFileReference; explicitFileType = wrapper.cfbundle; includeInIndex = 0; path = AppStabilityUITests.xctest; sourceTree = BUILT_PRODUCTS_DIR; };
		9A1C3C45299F6EC10067C05F /* AppStabilityUITests.swift */ = {isa = PBXFileReference; lastKnownFileType = sourcecode.swift; path = AppStabilityUITests.swift; sourceTree = "<group>"; };
		9A1C3C54299F714A0067C05F /* StabilityTestRunner.swift */ = {isa = PBXFileReference; lastKnownFileType = sourcecode.swift; path = StabilityTestRunner.swift; sourceTree = "<group>"; };
		9A1C3C5629A350BE0067C05F /* Utils.swift */ = {isa = PBXFileReference; lastKnownFileType = sourcecode.swift; path = Utils.swift; sourceTree = "<group>"; };
/* End PBXFileReference section */

/* Begin PBXFrameworksBuildPhase section */
		9A1C3C1E299F6EBF0067C05F /* Frameworks */ = {
			isa = PBXFrameworksBuildPhase;
			buildActionMask = 2147483647;
			files = (
			);
			runOnlyForDeploymentPostprocessing = 0;
		};
		9A1C3C3E299F6EC10067C05F /* Frameworks */ = {
			isa = PBXFrameworksBuildPhase;
			buildActionMask = 2147483647;
			files = (
				9A31001A29C7F5EA00C0BB21 /* ZipArchive in Frameworks */,
			);
			runOnlyForDeploymentPostprocessing = 0;
		};
/* End PBXFrameworksBuildPhase section */

/* Begin PBXGroup section */
		9A1C3C18299F6EBF0067C05F = {
			isa = PBXGroup;
			children = (
				9A1C3C23299F6EBF0067C05F /* AppStability */,
				9A1C3C44299F6EC10067C05F /* AppStabilityUITests */,
				9A1C3C22299F6EBF0067C05F /* Products */,
				9A6EDCE829C01142000AE7A3 /* Frameworks */,
			);
			sourceTree = "<group>";
		};
		9A1C3C22299F6EBF0067C05F /* Products */ = {
			isa = PBXGroup;
			children = (
				9A1C3C21299F6EBF0067C05F /* AppStability.app */,
				9A1C3C41299F6EC10067C05F /* AppStabilityUITests.xctest */,
			);
			name = Products;
			sourceTree = "<group>";
		};
		9A1C3C23299F6EBF0067C05F /* AppStability */ = {
			isa = PBXGroup;
			children = (
				9A1C3C24299F6EBF0067C05F /* AppDelegate.swift */,
				9A1C3C26299F6EBF0067C05F /* SceneDelegate.swift */,
				9A1C3C28299F6EBF0067C05F /* ViewController.swift */,
				9A1C3C2A299F6EBF0067C05F /* Main.storyboard */,
				9A1C3C2D299F6EC10067C05F /* Assets.xcassets */,
				9A1C3C2F299F6EC10067C05F /* LaunchScreen.storyboard */,
				9A1C3C32299F6EC10067C05F /* Info.plist */,
			);
			path = AppStability;
			sourceTree = "<group>";
		};
		9A1C3C44299F6EC10067C05F /* AppStabilityUITests */ = {
			isa = PBXGroup;
			children = (
				9A1C3C7929B09E220067C05F /* StabilityTestRunner */,
				9A1C3C45299F6EC10067C05F /* AppStabilityUITests.swift */,
			);
			path = AppStabilityUITests;
			sourceTree = "<group>";
		};
		9A1C3C7929B09E220067C05F /* StabilityTestRunner */ = {
			isa = PBXGroup;
			children = (
				9A1C3C54299F714A0067C05F /* StabilityTestRunner.swift */,
				9A1C3C5629A350BE0067C05F /* Utils.swift */,
			);
			path = StabilityTestRunner;
			sourceTree = "<group>";
		};
		9A6EDCE829C01142000AE7A3 /* Frameworks */ = {
			isa = PBXGroup;
			children = (
			);
			name = Frameworks;
			sourceTree = "<group>";
		};
/* End PBXGroup section */

/* Begin PBXNativeTarget section */
		9A1C3C20299F6EBF0067C05F /* AppStability */ = {
			isa = PBXNativeTarget;
			buildConfigurationList = 9A1C3C4B299F6EC10067C05F /* Build configuration list for PBXNativeTarget "AppStability" */;
			buildPhases = (
				9A1C3C1D299F6EBF0067C05F /* Sources */,
				9A1C3C1E299F6EBF0067C05F /* Frameworks */,
				9A1C3C1F299F6EBF0067C05F /* Resources */,
			);
			buildRules = (
			);
			dependencies = (
			);
			name = AppStability;
			productName = AppStability;
			productReference = 9A1C3C21299F6EBF0067C05F /* AppStability.app */;
			productType = "com.apple.product-type.application";
		};
		9A1C3C40299F6EC10067C05F /* AppStabilityUITests */ = {
			isa = PBXNativeTarget;
			buildConfigurationList = 9A1C3C51299F6EC10067C05F /* Build configuration list for PBXNativeTarget "AppStabilityUITests" */;
			buildPhases = (
				9A1C3C3D299F6EC10067C05F /* Sources */,
				9A1C3C3E299F6EC10067C05F /* Frameworks */,
				9A1C3C3F299F6EC10067C05F /* Resources */,
			);
			buildRules = (
			);
			dependencies = (
				9A1C3C43299F6EC10067C05F /* PBXTargetDependency */,
			);
			name = AppStabilityUITests;
			packageProductDependencies = (
				9A31001929C7F5EA00C0BB21 /* ZipArchive */,
			);
			productName = AppStabilityUITests;
			productReference = 9A1C3C41299F6EC10067C05F /* AppStabilityUITests.xctest */;
			productType = "com.apple.product-type.bundle.ui-testing";
		};
/* End PBXNativeTarget section */

/* Begin PBXProject section */
		9A1C3C19299F6EBF0067C05F /* Project object */ = {
			isa = PBXProject;
			attributes = {
				BuildIndependentTargetsInParallel = 1;
				LastSwiftUpdateCheck = 1410;
				LastUpgradeCheck = 1410;
				TargetAttributes = {
					9A1C3C20299F6EBF0067C05F = {
						CreatedOnToolsVersion = 14.1;
					};
					9A1C3C40299F6EC10067C05F = {
						CreatedOnToolsVersion = 14.1;
						TestTargetID = 9A1C3C20299F6EBF0067C05F;
					};
				};
			};
			buildConfigurationList = 9A1C3C1C299F6EBF0067C05F /* Build configuration list for PBXProject "AppStability" */;
			compatibilityVersion = "Xcode 14.0";
			developmentRegion = en;
			hasScannedForEncodings = 0;
			knownRegions = (
				en,
				Base,
			);
			mainGroup = 9A1C3C18299F6EBF0067C05F;
			packageReferences = (
				9A31001829C7F5EA00C0BB21 /* XCRemoteSwiftPackageReference "ZipArchive" */,
			);
			productRefGroup = 9A1C3C22299F6EBF0067C05F /* Products */;
			projectDirPath = "";
			projectRoot = "";
			targets = (
				9A1C3C20299F6EBF0067C05F /* AppStability */,
				9A1C3C40299F6EC10067C05F /* AppStabilityUITests */,
			);
		};
/* End PBXProject section */

/* Begin PBXResourcesBuildPhase section */
		9A1C3C1F299F6EBF0067C05F /* Resources */ = {
			isa = PBXResourcesBuildPhase;
			buildActionMask = 2147483647;
			files = (
				9A1C3C31299F6EC10067C05F /* LaunchScreen.storyboard in Resources */,
				9A1C3C2E299F6EC10067C05F /* Assets.xcassets in Resources */,
				9A1C3C2C299F6EBF0067C05F /* Main.storyboard in Resources */,
			);
			runOnlyForDeploymentPostprocessing = 0;
		};
		9A1C3C3F299F6EC10067C05F /* Resources */ = {
			isa = PBXResourcesBuildPhase;
			buildActionMask = 2147483647;
			files = (
			);
			runOnlyForDeploymentPostprocessing = 0;
		};
/* End PBXResourcesBuildPhase section */

/* Begin PBXSourcesBuildPhase section */
		9A1C3C1D299F6EBF0067C05F /* Sources */ = {
			isa = PBXSourcesBuildPhase;
			buildActionMask = 2147483647;
			files = (
				9A1C3C29299F6EBF0067C05F /* ViewController.swift in Sources */,
				9A1C3C25299F6EBF0067C05F /* AppDelegate.swift in Sources */,
				9A1C3C27299F6EBF0067C05F /* SceneDelegate.swift in Sources */,
			);
			runOnlyForDeploymentPostprocessing = 0;
		};
		9A1C3C3D299F6EC10067C05F /* Sources */ = {
			isa = PBXSourcesBuildPhase;
			buildActionMask = 2147483647;
			files = (
				9A1C3C5B29A3606A0067C05F /* StabilityTestRunner.swift in Sources */,
				9A1C3C5729A350BE0067C05F /* Utils.swift in Sources */,
				9A1C3C46299F6EC10067C05F /* AppStabilityUITests.swift in Sources */,
			);
			runOnlyForDeploymentPostprocessing = 0;
		};
/* End PBXSourcesBuildPhase section */

/* Begin PBXTargetDependency section */
		9A1C3C43299F6EC10067C05F /* PBXTargetDependency */ = {
			isa = PBXTargetDependency;
			target = 9A1C3C20299F6EBF0067C05F /* AppStability */;
			targetProxy = 9A1C3C42299F6EC10067C05F /* PBXContainerItemProxy */;
		};
/* End PBXTargetDependency section */

/* Begin PBXVariantGroup section */
		9A1C3C2A299F6EBF0067C05F /* Main.storyboard */ = {
			isa = PBXVariantGroup;
			children = (
				9A1C3C2B299F6EBF0067C05F /* Base */,
			);
			name = Main.storyboard;
			sourceTree = "<group>";
		};
		9A1C3C2F299F6EC10067C05F /* LaunchScreen.storyboard */ = {
			isa = PBXVariantGroup;
			children = (
				9A1C3C30299F6EC10067C05F /* Base */,
			);
			name = LaunchScreen.storyboard;
			sourceTree = "<group>";
		};
/* End PBXVariantGroup section */

/* Begin XCBuildConfiguration section */
		9A1C3C49299F6EC10067C05F /* Debug */ = {
			isa = XCBuildConfiguration;
			buildSettings = {
				ALWAYS_SEARCH_USER_PATHS = NO;
				CLANG_ANALYZER_NONNULL = YES;
				CLANG_ANALYZER_NUMBER_OBJECT_CONVERSION = YES_AGGRESSIVE;
				CLANG_CXX_LANGUAGE_STANDARD = "gnu++20";
				CLANG_ENABLE_MODULES = YES;
				CLANG_ENABLE_OBJC_ARC = YES;
				CLANG_ENABLE_OBJC_WEAK = YES;
				CLANG_WARN_BLOCK_CAPTURE_AUTORELEASING = YES;
				CLANG_WARN_BOOL_CONVERSION = YES;
				CLANG_WARN_COMMA = YES;
				CLANG_WARN_CONSTANT_CONVERSION = YES;
				CLANG_WARN_DEPRECATED_OBJC_IMPLEMENTATIONS = YES;
				CLANG_WARN_DIRECT_OBJC_ISA_USAGE = YES_ERROR;
				CLANG_WARN_DOCUMENTATION_COMMENTS = YES;
				CLANG_WARN_EMPTY_BODY = YES;
				CLANG_WARN_ENUM_CONVERSION = YES;
				CLANG_WARN_INFINITE_RECURSION = YES;
				CLANG_WARN_INT_CONVERSION = YES;
				CLANG_WARN_NON_LITERAL_NULL_CONVERSION = YES;
				CLANG_WARN_OBJC_IMPLICIT_RETAIN_SELF = YES;
				CLANG_WARN_OBJC_LITERAL_CONVERSION = YES;
				CLANG_WARN_OBJC_ROOT_CLASS = YES_ERROR;
				CLANG_WARN_QUOTED_INCLUDE_IN_FRAMEWORK_HEADER = YES;
				CLANG_WARN_RANGE_LOOP_ANALYSIS = YES;
				CLANG_WARN_STRICT_PROTOTYPES = YES;
				CLANG_WARN_SUSPICIOUS_MOVE = YES;
				CLANG_WARN_UNGUARDED_AVAILABILITY = YES_AGGRESSIVE;
				CLANG_WARN_UNREACHABLE_CODE = YES;
				CLANG_WARN__DUPLICATE_METHOD_MATCH = YES;
				COPY_PHASE_STRIP = NO;
				DEBUG_INFORMATION_FORMAT = dwarf;
				ENABLE_STRICT_OBJC_MSGSEND = YES;
				ENABLE_TESTABILITY = YES;
				GCC_C_LANGUAGE_STANDARD = gnu11;
				GCC_DYNAMIC_NO_PIC = NO;
				GCC_NO_COMMON_BLOCKS = YES;
				GCC_OPTIMIZATION_LEVEL = 0;
				GCC_PREPROCESSOR_DEFINITIONS = (
					"DEBUG=1",
					"$(inherited)",
				);
				GCC_WARN_64_TO_32_BIT_CONVERSION = YES;
				GCC_WARN_ABOUT_RETURN_TYPE = YES_ERROR;
				GCC_WARN_UNDECLARED_SELECTOR = YES;
				GCC_WARN_UNINITIALIZED_AUTOS = YES_AGGRESSIVE;
				GCC_WARN_UNUSED_FUNCTION = YES;
				GCC_WARN_UNUSED_VARIABLE = YES;
				IPHONEOS_DEPLOYMENT_TARGET = 12.0;
				MTL_ENABLE_DEBUG_INFO = INCLUDE_SOURCE;
				MTL_FAST_MATH = YES;
				ONLY_ACTIVE_ARCH = YES;
				SDKROOT = iphoneos;
				SWIFT_ACTIVE_COMPILATION_CONDITIONS = DEBUG;
				SWIFT_OPTIMIZATION_LEVEL = "-Onone";
			};
			name = Debug;
		};
		9A1C3C4A299F6EC10067C05F /* Release */ = {
			isa = XCBuildConfiguration;
			buildSettings = {
				ALWAYS_SEARCH_USER_PATHS = NO;
				CLANG_ANALYZER_NONNULL = YES;
				CLANG_ANALYZER_NUMBER_OBJECT_CONVERSION = YES_AGGRESSIVE;
				CLANG_CXX_LANGUAGE_STANDARD = "gnu++20";
				CLANG_ENABLE_MODULES = YES;
				CLANG_ENABLE_OBJC_ARC = YES;
				CLANG_ENABLE_OBJC_WEAK = YES;
				CLANG_WARN_BLOCK_CAPTURE_AUTORELEASING = YES;
				CLANG_WARN_BOOL_CONVERSION = YES;
				CLANG_WARN_COMMA = YES;
				CLANG_WARN_CONSTANT_CONVERSION = YES;
				CLANG_WARN_DEPRECATED_OBJC_IMPLEMENTATIONS = YES;
				CLANG_WARN_DIRECT_OBJC_ISA_USAGE = YES_ERROR;
				CLANG_WARN_DOCUMENTATION_COMMENTS = YES;
				CLANG_WARN_EMPTY_BODY = YES;
				CLANG_WARN_ENUM_CONVERSION = YES;
				CLANG_WARN_INFINITE_RECURSION = YES;
				CLANG_WARN_INT_CONVERSION = YES;
				CLANG_WARN_NON_LITERAL_NULL_CONVERSION = YES;
				CLANG_WARN_OBJC_IMPLICIT_RETAIN_SELF = YES;
				CLANG_WARN_OBJC_LITERAL_CONVERSION = YES;
				CLANG_WARN_OBJC_ROOT_CLASS = YES_ERROR;
				CLANG_WARN_QUOTED_INCLUDE_IN_FRAMEWORK_HEADER = YES;
				CLANG_WARN_RANGE_LOOP_ANALYSIS = YES;
				CLANG_WARN_STRICT_PROTOTYPES = YES;
				CLANG_WARN_SUSPICIOUS_MOVE = YES;
				CLANG_WARN_UNGUARDED_AVAILABILITY = YES_AGGRESSIVE;
				CLANG_WARN_UNREACHABLE_CODE = YES;
				CLANG_WARN__DUPLICATE_METHOD_MATCH = YES;
				COPY_PHASE_STRIP = NO;
				DEBUG_INFORMATION_FORMAT = "dwarf-with-dsym";
				ENABLE_NS_ASSERTIONS = NO;
				ENABLE_STRICT_OBJC_MSGSEND = YES;
				GCC_C_LANGUAGE_STANDARD = gnu11;
				GCC_NO_COMMON_BLOCKS = YES;
				GCC_WARN_64_TO_32_BIT_CONVERSION = YES;
				GCC_WARN_ABOUT_RETURN_TYPE = YES_ERROR;
				GCC_WARN_UNDECLARED_SELECTOR = YES;
				GCC_WARN_UNINITIALIZED_AUTOS = YES_AGGRESSIVE;
				GCC_WARN_UNUSED_FUNCTION = YES;
				GCC_WARN_UNUSED_VARIABLE = YES;
				IPHONEOS_DEPLOYMENT_TARGET = 12.0;
				MTL_ENABLE_DEBUG_INFO = NO;
				MTL_FAST_MATH = YES;
				SDKROOT = iphoneos;
				SWIFT_COMPILATION_MODE = wholemodule;
				SWIFT_OPTIMIZATION_LEVEL = "-O";
				VALIDATE_PRODUCT = YES;
			};
			name = Release;
		};
		9A1C3C4C299F6EC10067C05F /* Debug */ = {
			isa = XCBuildConfiguration;
			buildSettings = {
				ASSETCATALOG_COMPILER_APPICON_NAME = AppIcon;
				ASSETCATALOG_COMPILER_GLOBAL_ACCENT_COLOR_NAME = AccentColor;
				CODE_SIGN_STYLE = Automatic;
				CURRENT_PROJECT_VERSION = 1;
				DEVELOPMENT_TEAM = "";
				GENERATE_INFOPLIST_FILE = YES;
				INFOPLIST_FILE = AppStability/Info.plist;
				INFOPLIST_KEY_UIApplicationSupportsIndirectInputEvents = YES;
				INFOPLIST_KEY_UILaunchStoryboardName = LaunchScreen;
				INFOPLIST_KEY_UIMainStoryboardFile = Main;
				INFOPLIST_KEY_UISupportedInterfaceOrientations_iPad = "UIInterfaceOrientationPortrait UIInterfaceOrientationPortraitUpsideDown UIInterfaceOrientationLandscapeLeft UIInterfaceOrientationLandscapeRight";
				INFOPLIST_KEY_UISupportedInterfaceOrientations_iPhone = "UIInterfaceOrientationPortrait UIInterfaceOrientationLandscapeLeft UIInterfaceOrientationLandscapeRight";
				IPHONEOS_DEPLOYMENT_TARGET = 11.0;
				LD_RUNPATH_SEARCH_PATHS = (
					"$(inherited)",
					"@executable_path/Frameworks",
				);
				MARKETING_VERSION = 1.0;
				PRODUCT_BUNDLE_IDENTIFIER = com.apple.AppStability;
				PRODUCT_NAME = "$(TARGET_NAME)";
				SWIFT_EMIT_LOC_STRINGS = YES;
				SWIFT_VERSION = 5.0;
				TARGETED_DEVICE_FAMILY = "1,2";
			};
			name = Debug;
		};
		9A1C3C4D299F6EC10067C05F /* Release */ = {
			isa = XCBuildConfiguration;
			buildSettings = {
				ASSETCATALOG_COMPILER_APPICON_NAME = AppIcon;
				ASSETCATALOG_COMPILER_GLOBAL_ACCENT_COLOR_NAME = AccentColor;
				CODE_SIGN_STYLE = Automatic;
				CURRENT_PROJECT_VERSION = 1;
				DEVELOPMENT_TEAM = "";
				GENERATE_INFOPLIST_FILE = YES;
				INFOPLIST_FILE = AppStability/Info.plist;
				INFOPLIST_KEY_UIApplicationSupportsIndirectInputEvents = YES;
				INFOPLIST_KEY_UILaunchStoryboardName = LaunchScreen;
				INFOPLIST_KEY_UIMainStoryboardFile = Main;
				INFOPLIST_KEY_UISupportedInterfaceOrientations_iPad = "UIInterfaceOrientationPortrait UIInterfaceOrientationPortraitUpsideDown UIInterfaceOrientationLandscapeLeft UIInterfaceOrientationLandscapeRight";
				INFOPLIST_KEY_UISupportedInterfaceOrientations_iPhone = "UIInterfaceOrientationPortrait UIInterfaceOrientationLandscapeLeft UIInterfaceOrientationLandscapeRight";
				IPHONEOS_DEPLOYMENT_TARGET = 11.0;
				LD_RUNPATH_SEARCH_PATHS = (
					"$(inherited)",
					"@executable_path/Frameworks",
				);
				MARKETING_VERSION = 1.0;
				PRODUCT_BUNDLE_IDENTIFIER = com.apple.AppStability;
				PRODUCT_NAME = "$(TARGET_NAME)";
				SWIFT_EMIT_LOC_STRINGS = YES;
				SWIFT_VERSION = 5.0;
				TARGETED_DEVICE_FAMILY = "1,2";
			};
			name = Release;
		};
		9A1C3C52299F6EC10067C05F /* Debug */ = {
			isa = XCBuildConfiguration;
			buildSettings = {
				ALWAYS_EMBED_SWIFT_STANDARD_LIBRARIES = YES;
				CODE_SIGN_STYLE = Automatic;
				CURRENT_PROJECT_VERSION = 1;
				DEVELOPMENT_TEAM = "";
				GENERATE_INFOPLIST_FILE = YES;
				IPHONEOS_DEPLOYMENT_TARGET = 12.0;
				MARKETING_VERSION = 1.0;
				PRODUCT_BUNDLE_IDENTIFIER = com.apple.AppStabilityTest;
				PRODUCT_NAME = "$(TARGET_NAME)";
				PROVISIONING_PROFILE = "";
				SWIFT_EMIT_LOC_STRINGS = NO;
				SWIFT_VERSION = 5.0;
				TARGETED_DEVICE_FAMILY = "1,2";
				TEST_TARGET_NAME = AppStability;
			};
			name = Debug;
		};
		9A1C3C53299F6EC10067C05F /* Release */ = {
			isa = XCBuildConfiguration;
			buildSettings = {
				ALWAYS_EMBED_SWIFT_STANDARD_LIBRARIES = YES;
				CODE_SIGN_STYLE = Automatic;
				CURRENT_PROJECT_VERSION = 1;
				DEVELOPMENT_TEAM = "";
				GENERATE_INFOPLIST_FILE = YES;
				IPHONEOS_DEPLOYMENT_TARGET = 12.0;
				MARKETING_VERSION = 1.0;
				PRODUCT_BUNDLE_IDENTIFIER = com.apple.AppStabilityTest;
				PRODUCT_NAME = "$(TARGET_NAME)";
				PROVISIONING_PROFILE = "";
				SWIFT_EMIT_LOC_STRINGS = NO;
				SWIFT_VERSION = 5.0;
				TARGETED_DEVICE_FAMILY = "1,2";
				TEST_TARGET_NAME = AppStability;
			};
			name = Release;
		};
/* End XCBuildConfiguration section */

/* Begin XCConfigurationList section */
		9A1C3C1C299F6EBF0067C05F /* Build configuration list for PBXProject "AppStability" */ = {
			isa = XCConfigurationList;
			buildConfigurations = (
				9A1C3C49299F6EC10067C05F /* Debug */,
				9A1C3C4A299F6EC10067C05F /* Release */,
			);
			defaultConfigurationIsVisible = 0;
			defaultConfigurationName = Release;
		};
		9A1C3C4B299F6EC10067C05F /* Build configuration list for PBXNativeTarget "AppStability" */ = {
			isa = XCConfigurationList;
			buildConfigurations = (
				9A1C3C4C299F6EC10067C05F /* Debug */,
				9A1C3C4D299F6EC10067C05F /* Release */,
			);
			defaultConfigurationIsVisible = 0;
			defaultConfigurationName = Release;
		};
		9A1C3C51299F6EC10067C05F /* Build configuration list for PBXNativeTarget "AppStabilityUITests" */ = {
			isa = XCConfigurationList;
			buildConfigurations = (
				9A1C3C52299F6EC10067C05F /* Debug */,
				9A1C3C53299F6EC10067C05F /* Release */,
			);
			defaultConfigurationIsVisible = 0;
			defaultConfigurationName = Release;
		};
/* End XCConfigurationList section */

/* Begin XCRemoteSwiftPackageReference section */
		9A31001829C7F5EA00C0BB21 /* XCRemoteSwiftPackageReference "ZipArchive" */ = {
			isa = XCRemoteSwiftPackageReference;
			repositoryURL = "https://github.com/ZipArchive/ZipArchive.git";
			requirement = {
				kind = upToNextMajorVersion;
				minimumVersion = 2.0.0;
			};
		};
/* End XCRemoteSwiftPackageReference section */

/* Begin XCSwiftPackageProductDependency section */
		9A31001929C7F5EA00C0BB21 /* ZipArchive */ = {
			isa = XCSwiftPackageProductDependency;
			package = 9A31001829C7F5EA00C0BB21 /* XCRemoteSwiftPackageReference "ZipArchive" */;
			productName = ZipArchive;
		};
/* End XCSwiftPackageProductDependency section */
	};
	rootObject = 9A1C3C19299F6EBF0067C05F /* Project object */;
}
